
Microsoft Visual Studio Solution File, Format Version 12.00
# Visual Studio Version 17
VisualStudioVersion = 17.0.32112.339
MinimumVisualStudioVersion = 10.0.40219.1
Project("{FAE04EC0-301F-11D3-BF4B-00C04F79EFBC}") = "Peliprojekti", "Peliprojekti\Peliprojekti.csproj", "{9CA37C5D-40DA-4369-A99C-52B92D6DE1D8}"
EndProject
Global
	GlobalSection(SolutionConfigurationPlatforms) = preSolution
		Debug|Any CPU = Debug|Any CPU
		Release|Any CPU = Release|Any CPU
	EndGlobalSection
	GlobalSection(ProjectConfigurationPlatforms) = postSolution
		{9CA37C5D-40DA-4369-A99C-52B92D6DE1D8}.Debug|Any CPU.ActiveCfg = Debug|Any CPU
		{9CA37C5D-40DA-4369-A99C-52B92D6DE1D8}.Debug|Any CPU.Build.0 = Debug|Any CPU
		{9CA37C5D-40DA-4369-A99C-52B92D6DE1D8}.Release|Any CPU.ActiveCfg = Release|Any CPU
		{9CA37C5D-40DA-4369-A99C-52B92D6DE1D8}.Release|Any CPU.Build.0 = Release|Any CPU
	EndGlobalSection
	GlobalSection(SolutionProperties) = preSolution
		HideSolutionNode = FALSE
	EndGlobalSection
	GlobalSection(ExtensibilityGlobals) = postSolution
		SolutionGuid = {FF4E58D8-8B1B-4E7E-9CD4-7BC7CA07E65D}
	EndGlobalSection
EndGlobal
